// !$*UTF8*$!
{
	archiveVersion = 1;
	classes = {
	};
	objectVersion = 77;
	objects = {

/* Begin PBXBuildFile section */
		760D69932E9EE75A00FFE27F /* WiFiTransferManager.h in Headers */ = {isa = PBXBuildFile; fileRef = 760D69922E9EE75A00FFE27F /* WiFiTransferManager.h */; };
		760D69952E9EE76400FFE27F /* GlassesFrameworkTypes.h in Headers */ = {isa = PBXBuildFile; fileRef = 760D69942E9EE76400FFE27F /* GlassesFrameworkTypes.h */; };
		760D69972E9EE77000FFE27F /* WiFiTransferManager.m in Sources */ = {isa = PBXBuildFile; fileRef = 760D69962E9EE77000FFE27F /* WiFiTransferManager.m */; };
		760D69992E9EEC0F00FFE27F /* DeviceStatusCheck.m in Sources */ = {isa = PBXBuildFile; fileRef = 760D69982E9EEC0F00FFE27F /* DeviceStatusCheck.m */; };
		760D699B2E9EEC2F00FFE27F /* DeviceStatusCheck.h in Headers */ = {isa = PBXBuildFile; fileRef = 760D699A2E9EEC2F00FFE27F /* DeviceStatusCheck.h */; };
		760D69A02E9EED2400FFE27F /* QCScanView.h in Headers */ = {isa = PBXBuildFile; fileRef = 760D699F2E9EED2400FFE27F /* QCScanView.h */; };
		760D69A22E9EED3300FFE27F /* QCScanView.m in Sources */ = {isa = PBXBuildFile; fileRef = 760D69A12E9EED3300FFE27F /* QCScanView.m */; };
		AA1313852E2F904500B03938 /* AppDelegate.m in Sources */ = {isa = PBXBuildFile; fileRef = AA1313782E2F904500B03938 /* AppDelegate.m */; };
		AA1313862E2F904500B03938 /* main.m in Sources */ = {isa = PBXBuildFile; fileRef = AA13137D2E2F904500B03938 /* main.m */; };
		AA1313882E2F904500B03938 /* ViewController.m in Sources */ = {isa = PBXBuildFile; fileRef = AA1313832E2F904500B03938 /* ViewController.m */; };
		AA1313892E2F904500B03938 /* Assets.xcassets in Resources */ = {isa = PBXBuildFile; fileRef = AA1313792E2F904500B03938 /* Assets.xcassets */; };
		AA13138B2E2F904500B03938 /* LaunchScreen.storyboard in Resources */ = {isa = PBXBuildFile; fileRef = AA13137C2E2F904500B03938 /* LaunchScreen.storyboard */; };
		AA1313BC2E2F9E9800B03938 /* QCCentralManager.m in Sources */ = {isa = PBXBuildFile; fileRef = AA1313BB2E2F9E9800B03938 /* QCCentralManager.m */; };
		AA13172A2E31290900B03938 /* QCSDK.framework in Frameworks */ = {isa = PBXBuildFile; fileRef = AA1317282E3128F300B03938 /* QCSDK.framework */; };
		AA3B780F12F5BF4117A50E15E /* GlassesWiFiHandler.m in Sources */ = {isa = PBXBuildFile; fileRef = AA3F9EECA526B44F57816A70E /* GlassesWiFiHandler.m */; };
		AA3B780F42F5BF4117A50E15E /* GlassesWiFiHandler.h in Headers */ = {isa = PBXBuildFile; fileRef = AA3B780F02F5BF4117A50E15E /* GlassesWiFiHandler.h */; };
		AA7777032E99ABCD00B03938 /* SceneDelegate.m in Sources */ = {isa = PBXBuildFile; fileRef = AA7777022E99ABCD00B03938 /* SceneDelegate.m */; };
		AA7777042E99ACCC00B03938 /* CoreLocation.framework in Frameworks */ = {isa = PBXBuildFile; fileRef = AA7777052E99ACCC00B03938 /* CoreLocation.framework */; };
		AA9999A22E40000000B03938 /* GlassesMediaDownloader.m in Sources */ = {isa = PBXBuildFile; fileRef = AA9999A12E40000000B03938 /* GlassesMediaDownloader.m */; };
		BB9E74E1FE /* MediaGalleryViewController.m in Sources */ = {isa = PBXBuildFile; fileRef = BB48D45A88 /* MediaGalleryViewController.m */; };
		CB2000012F00000100CB0001 /* CyanBridgeKMPHostApp.swift in Sources */ = {isa = PBXBuildFile; fileRef = CB2000022F00000100CB0001 /* CyanBridgeKMPHostApp.swift */; };
		CT3000012F00000100CT0001 /* CyanBridgeKMPHostTests.swift in Sources */ = {isa = PBXBuildFile; fileRef = CT3000022F00000100CT0001 /* CyanBridgeKMPHostTests.swift */; };
/* End PBXBuildFile section */

/* Begin PBXContainerItemProxy section */
		CT30000E2F00000100CT0001 /* PBXContainerItemProxy */ = {
			isa = PBXContainerItemProxy;
			containerPortal = AA13134F2E2F903500B03938 /* Project object */;
			proxyType = 1;
			remoteGlobalIDString = CB2000092F00000100CB0001;
			remoteInfo = CyanBridgeKMPHost;
		};
/* End PBXContainerItemProxy section */

/* Begin PBXFileReference section */
		760D69922E9EE75A00FFE27F /* WiFiTransferManager.h */ = {isa = PBXFileReference; lastKnownFileType = sourcecode.c.h; path = WiFiTransferManager.h; sourceTree = "<group>"; };
		760D69942E9EE76400FFE27F /* GlassesFrameworkTypes.h */ = {isa = PBXFileReference; lastKnownFileType = sourcecode.c.h; path = GlassesFrameworkTypes.h; sourceTree = "<group>"; };
		760D69962E9EE77000FFE27F /* WiFiTransferManager.m */ = {isa = PBXFileReference; lastKnownFileType = sourcecode.c.objc; path = WiFiTransferManager.m; sourceTree = "<group>"; };
		760D69982E9EEC0F00FFE27F /* DeviceStatusCheck.m */ = {isa = PBXFileReference; lastKnownFileType = sourcecode.c.objc; path = DeviceStatusCheck.m; sourceTree = "<group>"; };
		760D699A2E9EEC2F00FFE27F /* DeviceStatusCheck.h */ = {isa = PBXFileReference; lastKnownFileType = sourcecode.c.h; path = DeviceStatusCheck.h; sourceTree = "<group>"; };
		760D699F2E9EED2400FFE27F /* QCScanView.h */ = {isa = PBXFileReference; lastKnownFileType = sourcecode.c.h; path = QCScanView.h; sourceTree = "<group>"; };
		760D69A12E9EED3300FFE27F /* QCScanView.m */ = {isa = PBXFileReference; lastKnownFileType = sourcecode.c.objc; path = QCScanView.m; sourceTree = "<group>"; };
		76BE5E782E847A3E008B17F4 /* QCSDKDemo.entitlements */ = {isa = PBXFileReference; lastKnownFileType = text.plist.entitlements; path = QCSDKDemo.entitlements; sourceTree = "<group>"; };
		AA1313572E2F903500B03938 /* QCSDKDemo.app */ = {isa = PBXFileReference; explicitFileType = wrapper.application; includeInIndex = 0; path = QCSDKDemo.app; sourceTree = BUILT_PRODUCTS_DIR; };
		AA1313772E2F904500B03938 /* AppDelegate.h */ = {isa = PBXFileReference; lastKnownFileType = sourcecode.c.h; path = AppDelegate.h; sourceTree = "<group>"; };
		AA1313782E2F904500B03938 /* AppDelegate.m */ = {isa = PBXFileReference; lastKnownFileType = sourcecode.c.objc; path = AppDelegate.m; sourceTree = "<group>"; };
		AA1313792E2F904500B03938 /* Assets.xcassets */ = {isa = PBXFileReference; lastKnownFileType = folder.assetcatalog; path = Assets.xcassets; sourceTree = "<group>"; };
		AA13137A2E2F904500B03938 /* Info.plist */ = {isa = PBXFileReference; lastKnownFileType = text.plist.xml; path = Info.plist; sourceTree = "<group>"; };
		AA13137B2E2F904500B03938 /* Base */ = {isa = PBXFileReference; lastKnownFileType = file.storyboard; name = Base; path = Base.lproj/LaunchScreen.storyboard; sourceTree = "<group>"; };
		AA13137D2E2F904500B03938 /* main.m */ = {isa = PBXFileReference; lastKnownFileType = sourcecode.c.objc; path = main.m; sourceTree = "<group>"; };
		AA1313822E2F904500B03938 /* ViewController.h */ = {isa = PBXFileReference; lastKnownFileType = sourcecode.c.h; path = ViewController.h; sourceTree = "<group>"; };
		AA1313832E2F904500B03938 /* ViewController.m */ = {isa = PBXFileReference; lastKnownFileType = sourcecode.c.objc; path = ViewController.m; sourceTree = "<group>"; };
		AA13138E2E2F915600B03938 /* QCSDK.framework */ = {isa = PBXFileReference; explicitFileType = wrapper.framework; path = QCSDK.framework; sourceTree = BUILT_PRODUCTS_DIR; };
		AA1313BA2E2F9E9800B03938 /* QCCentralManager.h */ = {isa = PBXFileReference; lastKnownFileType = sourcecode.c.h; path = QCCentralManager.h; sourceTree = "<group>"; };
		AA1313BB2E2F9E9800B03938 /* QCCentralManager.m */ = {isa = PBXFileReference; lastKnownFileType = sourcecode.c.objc; path = QCCentralManager.m; sourceTree = "<group>"; };
		AA1317282E3128F300B03938 /* QCSDK.framework */ = {isa = PBXFileReference; lastKnownFileType = wrapper.framework; path = QCSDK.framework; sourceTree = SOURCE_ROOT; };
		AA3B780F02F5BF4117A50E15E /* GlassesWiFiHandler.h */ = {isa = PBXFileReference; lastKnownFileType = sourcecode.c.h; path = GlassesWiFiHandler.h; sourceTree = "<group>"; };
		AA3F9EECA526B44F57816A70E /* GlassesWiFiHandler.m */ = {isa = PBXFileReference; lastKnownFileType = sourcecode.c.objc; path = GlassesWiFiHandler.m; sourceTree = "<group>"; };
		AA7777012E99ABCD00B03938 /* SceneDelegate.h */ = {isa = PBXFileReference; lastKnownFileType = sourcecode.c.h; path = SceneDelegate.h; sourceTree = "<group>"; };
		AA7777022E99ABCD00B03938 /* SceneDelegate.m */ = {isa = PBXFileReference; lastKnownFileType = sourcecode.c.objc; path = SceneDelegate.m; sourceTree = "<group>"; };
		AA7777052E99ACCC00B03938 /* CoreLocation.framework */ = {isa = PBXFileReference; lastKnownFileType = wrapper.framework; name = CoreLocation.framework; path = System/Library/Frameworks/CoreLocation.framework; sourceTree = SDKROOT; };
		AA9999A02E40000000B03938 /* GlassesMediaDownloader.h */ = {isa = PBXFileReference; lastKnownFileType = sourcecode.c.h; path = GlassesMediaDownloader.h; sourceTree = "<group>"; };
		AA9999A12E40000000B03938 /* GlassesMediaDownloader.m */ = {isa = PBXFileReference; lastKnownFileType = sourcecode.c.objc; path = GlassesMediaDownloader.m; sourceTree = "<group>"; };
		BB48D45A88 /* MediaGalleryViewController.m */ = {isa = PBXFileReference; lastKnownFileType = sourcecode.c.objc; path = MediaGalleryViewController.m; sourceTree = "<group>"; };
		BBEA4D0FAD /* MediaGalleryViewController.h */ = {isa = PBXFileReference; lastKnownFileType = sourcecode.c.h; path = MediaGalleryViewController.h; sourceTree = "<group>"; };
		CB2000022F00000100CB0001 /* CyanBridgeKMPHostApp.swift */ = {isa = PBXFileReference; lastKnownFileType = sourcecode.swift; path = CyanBridgeKMPHostApp.swift; sourceTree = "<group>"; };
		CB2000032F00000100CB0001 /* CyanBridgeKMPHost.app */ = {isa = PBXFileReference; explicitFileType = wrapper.application; includeInIndex = 0; path = CyanBridgeKMPHost.app; sourceTree = BUILT_PRODUCTS_DIR; };
		CB20000D2F00000100CB0001 /* CyanBridgeKMPHost.entitlements */ = {isa = PBXFileReference; lastKnownFileType = text.plist.entitlements; path = CyanBridgeKMPHost.entitlements; sourceTree = "<group>"; };
		CT3000022F00000100CT0001 /* CyanBridgeKMPHostTests.swift */ = {isa = PBXFileReference; lastKnownFileType = sourcecode.swift; path = CyanBridgeKMPHostTests.swift; sourceTree = "<group>"; };
		CT3000032F00000100CT0001 /* CyanBridgeKMPHostTests.xctest */ = {isa = PBXFileReference; includeInIndex = 0; lastKnownFileType = file; path = CyanBridgeKMPHostTests.xctest; sourceTree = BUILT_PRODUCTS_DIR; };
/* End PBXFileReference section */

/* Begin PBXFileSystemSynchronizedBuildFileExceptionSet section */
		760D699E2E9EECF400FFE27F /* Exceptions for "scan" folder in "QCSDKDemo" target */ = {
			isa = PBXFileSystemSynchronizedBuildFileExceptionSet;
			membershipExceptions = (
				QCScanViewController.h,
			);
			target = AA1313562E2F903500B03938 /* QCSDKDemo */;
		};
/* End PBXFileSystemSynchronizedBuildFileExceptionSet section */

/* Begin PBXFileSystemSynchronizedRootGroup section */
		760D699D2E9EECED00FFE27F /* scan */ = {
			isa = PBXFileSystemSynchronizedRootGroup;
			exceptions = (
				760D699E2E9EECF400FFE27F /* Exceptions for "scan" folder in "QCSDKDemo" target */,
			);
			path = scan;
			sourceTree = "<group>";
		};
/* End PBXFileSystemSynchronizedRootGroup section */

/* Begin PBXFrameworksBuildPhase section */
		AA1313542E2F903500B03938 /* Frameworks */ = {
			isa = PBXFrameworksBuildPhase;
			buildActionMask = 2147483647;
			files = (
				AA13172A2E31290900B03938 /* QCSDK.framework in Frameworks */,
				AA7777042E99ACCC00B03938 /* CoreLocation.framework in Frameworks */,
			);
			runOnlyForDeploymentPostprocessing = 0;
		};
		CB2000062F00000100CB0001 /* Frameworks */ = {
			isa = PBXFrameworksBuildPhase;
			buildActionMask = 2147483647;
			files = (
			);
			runOnlyForDeploymentPostprocessing = 0;
		};
		CT3000062F00000100CT0001 /* Frameworks */ = {
			isa = PBXFrameworksBuildPhase;
			buildActionMask = 2147483647;
			files = (
			);
			runOnlyForDeploymentPostprocessing = 0;
		};
/* End PBXFrameworksBuildPhase section */

/* Begin PBXGroup section */
		760D699C2E9EECDF00FFE27F /* wifi-transfer */ = {
			isa = PBXGroup;
			children = (
			);
			path = "wifi-transfer";
			sourceTree = "<group>";
		};
		AA13134E2E2F903500B03938 = {
			isa = PBXGroup;
			children = (
				AA1313842E2F904500B03938 /* QCSDKDemo */,
				CB2000042F00000100CB0001 /* CyanBridgeKMPHost */,
				CT3000042F00000100CT0001 /* CyanBridgeKMPHostTests */,
				AA13138D2E2F915600B03938 /* Frameworks */,
				AA1313582E2F903500B03938 /* Products */,
			);
			sourceTree = "<group>";
		};
		AA1313582E2F903500B03938 /* Products */ = {
			isa = PBXGroup;
			children = (
				AA1313572E2F903500B03938 /* QCSDKDemo.app */,
				CB2000032F00000100CB0001 /* CyanBridgeKMPHost.app */,
				CT3000032F00000100CT0001 /* CyanBridgeKMPHostTests.xctest */,
			);
			name = Products;
			sourceTree = "<group>";
		};
		AA1313842E2F904500B03938 /* QCSDKDemo */ = {
			isa = PBXGroup;
			children = (
				760D699D2E9EECED00FFE27F /* scan */,
				760D699C2E9EECDF00FFE27F /* wifi-transfer */,
				76BE5E782E847A3E008B17F4 /* QCSDKDemo.entitlements */,
				AA1317282E3128F300B03938 /* QCSDK.framework */,
				AA1313772E2F904500B03938 /* AppDelegate.h */,
				AA1313782E2F904500B03938 /* AppDelegate.m */,
				AA7777012E99ABCD00B03938 /* SceneDelegate.h */,
				AA7777022E99ABCD00B03938 /* SceneDelegate.m */,
				AA1313822E2F904500B03938 /* ViewController.h */,
				AA1313832E2F904500B03938 /* ViewController.m */,
				AA9999A02E40000000B03938 /* GlassesMediaDownloader.h */,
				AA9999A12E40000000B03938 /* GlassesMediaDownloader.m */,
				AA3B780F02F5BF4117A50E15E /* GlassesWiFiHandler.h */,
				AA3F9EECA526B44F57816A70E /* GlassesWiFiHandler.m */,
				BBEA4D0FAD /* MediaGalleryViewController.h */,
				760D69942E9EE76400FFE27F /* GlassesFrameworkTypes.h */,
				BB48D45A88 /* MediaGalleryViewController.m */,
				760D69962E9EE77000FFE27F /* WiFiTransferManager.m */,
				760D699F2E9EED2400FFE27F /* QCScanView.h */,
				760D69A12E9EED3300FFE27F /* QCScanView.m */,
				760D69922E9EE75A00FFE27F /* WiFiTransferManager.h */,
				760D699A2E9EEC2F00FFE27F /* DeviceStatusCheck.h */,
				760D69982E9EEC0F00FFE27F /* DeviceStatusCheck.m */,
				AA1313BA2E2F9E9800B03938 /* QCCentralManager.h */,
				AA1313BB2E2F9E9800B03938 /* QCCentralManager.m */,
				AA1313792E2F904500B03938 /* Assets.xcassets */,
				AA13137A2E2F904500B03938 /* Info.plist */,
				AA13137C2E2F904500B03938 /* LaunchScreen.storyboard */,
				AA13137D2E2F904500B03938 /* main.m */,
			);
			path = QCSDKDemo;
			sourceTree = "<group>";
		};
		AA13138D2E2F915600B03938 /* Frameworks */ = {
			isa = PBXGroup;
			children = (
				AA13138E2E2F915600B03938 /* QCSDK.framework */,
				AA7777052E99ACCC00B03938 /* CoreLocation.framework */,
			);
			name = Frameworks;
			sourceTree = "<group>";
		};
		CB2000042F00000100CB0001 /* CyanBridgeKMPHost */ = {
			isa = PBXGroup;
			children = (
				CB2000022F00000100CB0001 /* CyanBridgeKMPHostApp.swift */,
				CB20000D2F00000100CB0001 /* CyanBridgeKMPHost.entitlements */,
			);
			path = CyanBridgeKMPHost;
			sourceTree = "<group>";
		};
		CT3000042F00000100CT0001 /* CyanBridgeKMPHostTests */ = {
			isa = PBXGroup;
			children = (
				CT3000022F00000100CT0001 /* CyanBridgeKMPHostTests.swift */,
			);
			path = CyanBridgeKMPHostTests;
			sourceTree = "<group>";
		};
/* End PBXGroup section */

/* Begin PBXHeadersBuildPhase section */
		02085E653BA95504E9633D0E /* Headers */ = {
			isa = PBXHeadersBuildPhase;
			buildActionMask = 2147483647;
			files = (
				760D69932E9EE75A00FFE27F /* WiFiTransferManager.h in Headers */,
				760D699B2E9EEC2F00FFE27F /* DeviceStatusCheck.h in Headers */,
				760D69A02E9EED2400FFE27F /* QCScanView.h in Headers */,
				760D69952E9EE76400FFE27F /* GlassesFrameworkTypes.h in Headers */,
				AA3B780F42F5BF4117A50E15E /* GlassesWiFiHandler.h in Headers */,
			);
			runOnlyForDeploymentPostprocessing = 0;
		};
/* End PBXHeadersBuildPhase section */

/* Begin PBXNativeTarget section */
		AA1313562E2F903500B03938 /* QCSDKDemo */ = {
			isa = PBXNativeTarget;
			buildConfigurationList = AA13136F2E2F903600B03938 /* Build configuration list for PBXNativeTarget "QCSDKDemo" */;
			buildPhases = (
				AA1313532E2F903500B03938 /* Sources */,
				AA1313542E2F903500B03938 /* Frameworks */,
				AA1313552E2F903500B03938 /* Resources */,
				02085E653BA95504E9633D0E /* Headers */,
			);
			buildRules = (
			);
			dependencies = (
			);
			fileSystemSynchronizedGroups = (
				760D699D2E9EECED00FFE27F /* scan */,
			);
			name = QCSDKDemo;
			productName = QCSDKDemo;
			productReference = AA1313572E2F903500B03938 /* QCSDKDemo.app */;
			productType = "com.apple.product-type.application";
		};
		CB2000092F00000100CB0001 /* CyanBridgeKMPHost */ = {
			isa = PBXNativeTarget;
			buildConfigurationList = CB20000C2F00000100CB0001 /* Build configuration list for PBXNativeTarget "CyanBridgeKMPHost" */;
			buildPhases = (
				CB2000082F00000100CB0001 /* Build CyanBridgeShared */,
				CB2000052F00000100CB0001 /* Sources */,
				CB2000062F00000100CB0001 /* Frameworks */,
				CB2000072F00000100CB0001 /* Resources */,
			);
			buildRules = (
			);
			dependencies = (
			);
			name = CyanBridgeKMPHost;
			productName = CyanBridgeKMPHost;
			productReference = CB2000032F00000100CB0001 /* CyanBridgeKMPHost.app */;
			productType = "com.apple.product-type.application";
		};
		CT3000092F00000100CT0001 /* CyanBridgeKMPHostTests */ = {
			isa = PBXNativeTarget;
			buildConfigurationList = CT30000C2F00000100CT0001 /* Build configuration list for PBXNativeTarget "CyanBridgeKMPHostTests" */;
			buildPhases = (
				CT3000082F00000100CT0001 /* Build CyanBridgeShared */,
				CT3000052F00000100CT0001 /* Sources */,
				CT3000062F00000100CT0001 /* Frameworks */,
				CT3000072F00000100CT0001 /* Resources */,
			);
			buildRules = (
			);
			dependencies = (
				CT30000D2F00000100CT0001 /* PBXTargetDependency */,
			);
			name = CyanBridgeKMPHostTests;
			productName = CyanBridgeKMPHostTests;
			productReference = CT3000032F00000100CT0001 /* CyanBridgeKMPHostTests.xctest */;
			productType = "com.apple.product-type.bundle.unit-test";
		};
/* End PBXNativeTarget section */

/* Begin PBXProject section */
		AA13134F2E2F903500B03938 /* Project object */ = {
			isa = PBXProject;
			attributes = {
				BuildIndependentTargetsInParallel = 1;
				LastUpgradeCheck = 1620;
				TargetAttributes = {
					AA1313562E2F903500B03938 = {
						CreatedOnToolsVersion = 16.2;
					};
					CB2000092F00000100CB0001 = {
						CreatedOnToolsVersion = 16.2;
					};
					CT3000092F00000100CT0001 = {
						CreatedOnToolsVersion = 16.2;
						TestTargetID = CB2000092F00000100CB0001;
					};
				};
			};
			buildConfigurationList = AA1313522E2F903500B03938 /* Build configuration list for PBXProject "QCSDKDemo" */;
			developmentRegion = en;
			hasScannedForEncodings = 0;
			knownRegions = (
				en,
				Base,
			);
			mainGroup = AA13134E2E2F903500B03938;
			minimizedProjectReferenceProxies = 1;
			preferredProjectObjectVersion = 77;
			productRefGroup = AA1313582E2F903500B03938 /* Products */;
			projectDirPath = "";
			projectRoot = "";
			targets = (
				AA1313562E2F903500B03938 /* QCSDKDemo */,
				CB2000092F00000100CB0001 /* CyanBridgeKMPHost */,
				CT3000092F00000100CT0001 /* CyanBridgeKMPHostTests */,
			);
		};
/* End PBXProject section */

/* Begin PBXResourcesBuildPhase section */
		AA1313552E2F903500B03938 /* Resources */ = {
			isa = PBXResourcesBuildPhase;
			buildActionMask = 2147483647;
			files = (
				AA1313892E2F904500B03938 /* Assets.xcassets in Resources */,
				AA13138B2E2F904500B03938 /* LaunchScreen.storyboard in Resources */,
			);
			runOnlyForDeploymentPostprocessing = 0;
		};
		CB2000072F00000100CB0001 /* Resources */ = {
			isa = PBXResourcesBuildPhase;
			buildActionMask = 2147483647;
			files = (
			);
			runOnlyForDeploymentPostprocessing = 0;
		};
		CT3000072F00000100CT0001 /* Resources */ = {
			isa = PBXResourcesBuildPhase;
			buildActionMask = 2147483647;
			files = (
			);
			runOnlyForDeploymentPostprocessing = 0;
		};
/* End PBXResourcesBuildPhase section */

/* Begin PBXShellScriptBuildPhase section */
		CB2000082F00000100CB0001 /* Build CyanBridgeShared */ = {
			isa = PBXShellScriptBuildPhase;
			buildActionMask = 2147483647;
			files = (
			);
			inputFileListPaths = (
			);
			inputPaths = (
			);
			name = "Build CyanBridgeShared";
			outputFileListPaths = (
			);
			outputPaths = (
			);
			runOnlyForDeploymentPostprocessing = 0;
			shellPath = /bin/sh;
			shellScript = "set -e\nif [ -z \"${JAVA_HOME:-}\" ]; then\n  export JAVA_HOME=\"$(/usr/libexec/java_home -v 17)\"\nfi\ncd \"$SRCROOT/../android/CyanBridge\"\n./gradlew -PenableAppleTargets=true :shared:embedAndSignAppleFrameworkForXcode\n";
		};
		CT3000082F00000100CT0001 /* Build CyanBridgeShared */ = {
			isa = PBXShellScriptBuildPhase;
			buildActionMask = 2147483647;
			files = (
			);
			inputFileListPaths = (
			);
			inputPaths = (
			);
			name = "Build CyanBridgeShared";
			outputFileListPaths = (
			);
			outputPaths = (
			);
			runOnlyForDeploymentPostprocessing = 0;
			shellPath = /bin/sh;
			shellScript = "set -e\nif [ -z \"${JAVA_HOME:-}\" ]; then\n  export JAVA_HOME=\"$(/usr/libexec/java_home -v 17)\"\nfi\ncd \"$SRCROOT/../android/CyanBridge\"\n./gradlew -PenableAppleTargets=true :shared:embedAndSignAppleFrameworkForXcode\n";
		};
/* End PBXShellScriptBuildPhase section */

/* Begin PBXSourcesBuildPhase section */
		AA1313532E2F903500B03938 /* Sources */ = {
			isa = PBXSourcesBuildPhase;
			buildActionMask = 2147483647;
			files = (
				AA1313852E2F904500B03938 /* AppDelegate.m in Sources */,
				760D69992E9EEC0F00FFE27F /* DeviceStatusCheck.m in Sources */,
				AA1313BC2E2F9E9800B03938 /* QCCentralManager.m in Sources */,
				AA1313862E2F904500B03938 /* main.m in Sources */,
				760D69972E9EE77000FFE27F /* WiFiTransferManager.m in Sources */,
				760D69A22E9EED3300FFE27F /* QCScanView.m in Sources */,
				AA1313882E2F904500B03938 /* ViewController.m in Sources */,
				AA9999A22E40000000B03938 /* GlassesMediaDownloader.m in Sources */,
				AA3B780F12F5BF4117A50E15E /* GlassesWiFiHandler.m in Sources */,
				BB9E74E1FE /* MediaGalleryViewController.m in Sources */,
				AA7777032E99ABCD00B03938 /* SceneDelegate.m in Sources */,
			);
			runOnlyForDeploymentPostprocessing = 0;
		};
		CB2000052F00000100CB0001 /* Sources */ = {
			isa = PBXSourcesBuildPhase;
			buildActionMask = 2147483647;
			files = (
				CB2000012F00000100CB0001 /* CyanBridgeKMPHostApp.swift in Sources */,
			);
			runOnlyForDeploymentPostprocessing = 0;
		};
		CT3000052F00000100CT0001 /* Sources */ = {
			isa = PBXSourcesBuildPhase;
			buildActionMask = 2147483647;
			files = (
				CT3000012F00000100CT0001 /* CyanBridgeKMPHostTests.swift in Sources */,
			);
			runOnlyForDeploymentPostprocessing = 0;
		};
/* End PBXSourcesBuildPhase section */

/* Begin PBXTargetDependency section */
		CT30000D2F00000100CT0001 /* PBXTargetDependency */ = {
			isa = PBXTargetDependency;
			target = CB2000092F00000100CB0001 /* CyanBridgeKMPHost */;
			targetProxy = CT30000E2F00000100CT0001 /* PBXContainerItemProxy */;
		};
/* End PBXTargetDependency section */

/* Begin PBXVariantGroup section */
		AA13137C2E2F904500B03938 /* LaunchScreen.storyboard */ = {
			isa = PBXVariantGroup;
			children = (
				AA13137B2E2F904500B03938 /* Base */,
			);
			name = LaunchScreen.storyboard;
			sourceTree = "<group>";
		};
/* End PBXVariantGroup section */

/* Begin XCBuildConfiguration section */
		AA1313702E2F903600B03938 /* Debug */ = {
			isa = XCBuildConfiguration;
			buildSettings = {
				ASSETCATALOG_COMPILER_APPICON_NAME = AppIcon;
				ASSETCATALOG_COMPILER_GLOBAL_ACCENT_COLOR_NAME = AccentColor;
				CODE_SIGN_ENTITLEMENTS = QCSDKDemo/QCSDKDemo.entitlements;
				CODE_SIGN_STYLE = Automatic;
				CURRENT_PROJECT_VERSION = 1;
				DEFINES_MODULE = YES;
				DEVELOPMENT_TEAM = KLQJU6QJ96;
				FRAMEWORK_SEARCH_PATHS = (
					"$(inherited)",
					"$(SRCROOT)",
				);
				GENERATE_INFOPLIST_FILE = YES;
				INFOPLIST_FILE = QCSDKDemo/Info.plist;
				INFOPLIST_KEY_NSBluetoothAlwaysUsageDescription = "CyanBridge uses Bluetooth to find and communicate with your glasses.";
				INFOPLIST_KEY_NSBluetoothPeripheralUsageDescription = "App needs to use your bluetooth device";
				INFOPLIST_KEY_NSLocalNetworkUsageDescription = "CyanBridge connects to your glasses over their local Wi-Fi transfer network.";
				INFOPLIST_KEY_NSLocationWhenInUseUsageDescription = "Location access lets the app verify Wi-Fi connection status for your glasses.";
				INFOPLIST_KEY_NSMicrophoneUsageDescription = "CyanBridge can record audio attachments and meeting notes when you request it.";
				INFOPLIST_KEY_NSPhotoLibraryAddUsageDescription = "CyanBridge saves media imported from your glasses to your photo library.";
				INFOPLIST_KEY_NSPhotoLibraryUsageDescription = "CyanBridge lets you attach photos to chats and view media imported from your glasses.";
				INFOPLIST_KEY_UIApplicationSupportsIndirectInputEvents = YES;
				INFOPLIST_KEY_UILaunchStoryboardName = LaunchScreen;
				INFOPLIST_KEY_UISupportedInterfaceOrientations_iPad = "UIInterfaceOrientationPortrait UIInterfaceOrientationPortraitUpsideDown UIInterfaceOrientationLandscapeLeft UIInterfaceOrientationLandscapeRight";
				INFOPLIST_KEY_UISupportedInterfaceOrientations_iPhone = "UIInterfaceOrientationPortrait UIInterfaceOrientationLandscapeLeft UIInterfaceOrientationLandscapeRight";
				IPHONEOS_DEPLOYMENT_TARGET = 15.0;
				LD_RUNPATH_SEARCH_PATHS = (
					"$(inherited)",
					"@executable_path/Frameworks",
				);
				MARKETING_VERSION = 1.0.0;
				OTHER_LDFLAGS = (
					"$(inherited)",
					"-ObjC",
					"-framework",
					AVFoundation,
					"-framework",
					AVKit,
					"-framework",
					CoreBluetooth,
					"-framework",
					NetworkExtension,
					"-framework",
					SystemConfiguration,
				);
				PRODUCT_BUNDLE_IDENTIFIER = com.fersaiyan.cyanbridge;
				PRODUCT_NAME = "$(TARGET_NAME)";
				SUPPORTED_PLATFORMS = iphoneos;
				SWIFT_EMIT_LOC_STRINGS = YES;
				SWIFT_VERSION = 5.0;
				TARGETED_DEVICE_FAMILY = 1;
			};
			name = Debug;
		};
		FE4D407DD5C9024334F0D100 /* Debug-Free */ = {
			isa = XCBuildConfiguration;
			buildSettings = {
				ASSETCATALOG_COMPILER_APPICON_NAME = AppIcon;
				ASSETCATALOG_COMPILER_GLOBAL_ACCENT_COLOR_NAME = AccentColor;
				CODE_SIGN_STYLE = Automatic;
				CURRENT_PROJECT_VERSION = 1;
				DEFINES_MODULE = YES;
				DEVELOPMENT_TEAM = KLQJU6QJ96;
				GCC_PREPROCESSOR_DEFINITIONS = (
					"$(inherited)",
					"CYAN_FREE_PROVISIONING=1",
				);
				FRAMEWORK_SEARCH_PATHS = (
					"$(inherited)",
					"$(SRCROOT)",
				);
				GENERATE_INFOPLIST_FILE = YES;
				INFOPLIST_FILE = QCSDKDemo/Info.plist;
				INFOPLIST_KEY_NSBluetoothAlwaysUsageDescription = "CyanBridge uses Bluetooth to find and communicate with your glasses.";
				INFOPLIST_KEY_NSBluetoothPeripheralUsageDescription = "App needs to use your bluetooth device";
				INFOPLIST_KEY_NSLocalNetworkUsageDescription = "CyanBridge connects to your glasses over their local Wi-Fi transfer network.";
				INFOPLIST_KEY_NSLocationWhenInUseUsageDescription = "Location access lets the app verify Wi-Fi connection status for your glasses.";
				INFOPLIST_KEY_NSMicrophoneUsageDescription = "CyanBridge can record audio attachments and meeting notes when you request it.";
				INFOPLIST_KEY_NSPhotoLibraryAddUsageDescription = "CyanBridge saves media imported from your glasses to your photo library.";
				INFOPLIST_KEY_NSPhotoLibraryUsageDescription = "CyanBridge lets you attach photos to chats and view media imported from your glasses.";
				INFOPLIST_KEY_UIApplicationSupportsIndirectInputEvents = YES;
				INFOPLIST_KEY_UILaunchStoryboardName = LaunchScreen;
				INFOPLIST_KEY_UISupportedInterfaceOrientations_iPad = "UIInterfaceOrientationPortrait UIInterfaceOrientationPortraitUpsideDown UIInterfaceOrientationLandscapeLeft UIInterfaceOrientationLandscapeRight";
				INFOPLIST_KEY_UISupportedInterfaceOrientations_iPhone = "UIInterfaceOrientationPortrait UIInterfaceOrientationLandscapeLeft UIInterfaceOrientationLandscapeRight";
				IPHONEOS_DEPLOYMENT_TARGET = 15.0;
				LD_RUNPATH_SEARCH_PATHS = (
					"$(inherited)",
					"@executable_path/Frameworks",
				);
				MARKETING_VERSION = 1.0.0;
				OTHER_LDFLAGS = (
					"$(inherited)",
					"-ObjC",
					"-framework",
					AVFoundation,
					"-framework",
					AVKit,
					"-framework",
					CoreBluetooth,
					"-framework",
					NetworkExtension,
					"-framework",
					SystemConfiguration,
				);
				PRODUCT_BUNDLE_IDENTIFIER = com.murilosampaio.cyanbridge.free;
				PRODUCT_NAME = "$(TARGET_NAME)";
				SUPPORTED_PLATFORMS = iphoneos;
				SWIFT_EMIT_LOC_STRINGS = YES;
				SWIFT_VERSION = 5.0;
				TARGETED_DEVICE_FAMILY = 1;
			};
			name = "Debug-Free";
		};
		AA1313712E2F903600B03938 /* Release */ = {
			isa = XCBuildConfiguration;
			buildSettings = {
				ASSETCATALOG_COMPILER_APPICON_NAME = AppIcon;
				ASSETCATALOG_COMPILER_GLOBAL_ACCENT_COLOR_NAME = AccentColor;
				CODE_SIGN_ENTITLEMENTS = QCSDKDemo/QCSDKDemo.entitlements;
				CODE_SIGN_STYLE = Automatic;
				CURRENT_PROJECT_VERSION = 1;
				DEFINES_MODULE = YES;
				DEVELOPMENT_TEAM = KLQJU6QJ96;
				FRAMEWORK_SEARCH_PATHS = (
					"$(inherited)",
					"$(SRCROOT)",
				);
				GENERATE_INFOPLIST_FILE = YES;
				INFOPLIST_FILE = QCSDKDemo/Info.plist;
				INFOPLIST_KEY_NSBluetoothAlwaysUsageDescription = "CyanBridge uses Bluetooth to find and communicate with your glasses.";
				INFOPLIST_KEY_NSBluetoothPeripheralUsageDescription = "App needs to use your bluetooth device";
				INFOPLIST_KEY_NSLocalNetworkUsageDescription = "CyanBridge connects to your glasses over their local Wi-Fi transfer network.";
				INFOPLIST_KEY_NSLocationWhenInUseUsageDescription = "Location access lets the app verify Wi-Fi connection status for your glasses.";
				INFOPLIST_KEY_NSMicrophoneUsageDescription = "CyanBridge can record audio attachments and meeting notes when you request it.";
				INFOPLIST_KEY_NSPhotoLibraryAddUsageDescription = "CyanBridge saves media imported from your glasses to your photo library.";
				INFOPLIST_KEY_NSPhotoLibraryUsageDescription = "CyanBridge lets you attach photos to chats and view media imported from your glasses.";
				INFOPLIST_KEY_UIApplicationSupportsIndirectInputEvents = YES;
				INFOPLIST_KEY_UILaunchStoryboardName = LaunchScreen;
				INFOPLIST_KEY_UISupportedInterfaceOrientations_iPad = "UIInterfaceOrientationPortrait UIInterfaceOrientationPortraitUpsideDown UIInterfaceOrientationLandscapeLeft UIInterfaceOrientationLandscapeRight";
				INFOPLIST_KEY_UISupportedInterfaceOrientations_iPhone = "UIInterfaceOrientationPortrait UIInterfaceOrientationLandscapeLeft UIInterfaceOrientationLandscapeRight";
				IPHONEOS_DEPLOYMENT_TARGET = 15.0;
				LD_RUNPATH_SEARCH_PATHS = (
					"$(inherited)",
					"@executable_path/Frameworks",
				);
				MARKETING_VERSION = 1.0.0;
				OTHER_LDFLAGS = (
					"$(inherited)",
					"-ObjC",
					"-framework",
					AVFoundation,
					"-framework",
					AVKit,
					"-framework",
					CoreBluetooth,
					"-framework",
					NetworkExtension,
					"-framework",
					SystemConfiguration,
				);
				PRODUCT_BUNDLE_IDENTIFIER = com.fersaiyan.cyanbridge;
				PRODUCT_NAME = "$(TARGET_NAME)";
				SUPPORTED_PLATFORMS = iphoneos;
				SWIFT_EMIT_LOC_STRINGS = YES;
				SWIFT_VERSION = 5.0;
				TARGETED_DEVICE_FAMILY = 1;
			};
			name = Release;
		};
		AA1313722E2F903600B03938 /* Debug */ = {
			isa = XCBuildConfiguration;
			buildSettings = {
				ALWAYS_SEARCH_USER_PATHS = NO;
				ASSETCATALOG_COMPILER_GENERATE_SWIFT_ASSET_SYMBOL_EXTENSIONS = YES;
				CLANG_ANALYZER_NONNULL = YES;
				CLANG_ANALYZER_NUMBER_OBJECT_CONVERSION = YES_AGGRESSIVE;
				CLANG_CXX_LANGUAGE_STANDARD = "gnu++20";
				CLANG_ENABLE_MODULES = YES;
				CLANG_ENABLE_OBJC_ARC = YES;
				CLANG_ENABLE_OBJC_WEAK = YES;
				CLANG_WARN_BLOCK_CAPTURE_AUTORELEASING = YES;
				CLANG_WARN_BOOL_CONVERSION = YES;
				CLANG_WARN_COMMA = YES;
				CLANG_WARN_CONSTANT_CONVERSION = YES;
				CLANG_WARN_DEPRECATED_OBJC_IMPLEMENTATIONS = YES;
				CLANG_WARN_DIRECT_OBJC_ISA_USAGE = YES_ERROR;
				CLANG_WARN_DOCUMENTATION_COMMENTS = YES;
				CLANG_WARN_EMPTY_BODY = YES;
				CLANG_WARN_ENUM_CONVERSION = YES;
				CLANG_WARN_INFINITE_RECURSION = YES;
				CLANG_WARN_INT_CONVERSION = YES;
				CLANG_WARN_NON_LITERAL_NULL_CONVERSION = YES;
				CLANG_WARN_OBJC_IMPLICIT_RETAIN_SELF = YES;
				CLANG_WARN_OBJC_LITERAL_CONVERSION = YES;
				CLANG_WARN_OBJC_ROOT_CLASS = YES_ERROR;
				CLANG_WARN_QUOTED_INCLUDE_IN_FRAMEWORK_HEADER = YES;
				CLANG_WARN_RANGE_LOOP_ANALYSIS = YES;
				CLANG_WARN_STRICT_PROTOTYPES = YES;
				CLANG_WARN_SUSPICIOUS_MOVE = YES;
				CLANG_WARN_UNGUARDED_AVAILABILITY = YES_AGGRESSIVE;
				CLANG_WARN_UNREACHABLE_CODE = YES;
				CLANG_WARN__DUPLICATE_METHOD_MATCH = YES;
				COPY_PHASE_STRIP = NO;
				DEBUG_INFORMATION_FORMAT = dwarf;
				ENABLE_STRICT_OBJC_MSGSEND = YES;
				ENABLE_TESTABILITY = YES;
				ENABLE_USER_SCRIPT_SANDBOXING = YES;
				GCC_C_LANGUAGE_STANDARD = gnu17;
				GCC_DYNAMIC_NO_PIC = NO;
				GCC_NO_COMMON_BLOCKS = YES;
				GCC_OPTIMIZATION_LEVEL = 0;
				GCC_PREPROCESSOR_DEFINITIONS = (
					"DEBUG=1",
					"$(inherited)",
				);
				GCC_WARN_64_TO_32_BIT_CONVERSION = YES;
				GCC_WARN_ABOUT_RETURN_TYPE = YES_ERROR;
				GCC_WARN_UNDECLARED_SELECTOR = YES;
				GCC_WARN_UNINITIALIZED_AUTOS = YES_AGGRESSIVE;
				GCC_WARN_UNUSED_FUNCTION = YES;
				GCC_WARN_UNUSED_VARIABLE = YES;
				IPHONEOS_DEPLOYMENT_TARGET = 18.2;
				LOCALIZATION_PREFERS_STRING_CATALOGS = YES;
				MTL_ENABLE_DEBUG_INFO = INCLUDE_SOURCE;
				MTL_FAST_MATH = YES;
				ONLY_ACTIVE_ARCH = YES;
				SDKROOT = iphoneos;
			};
			name = Debug;
		};
		FE966EB23BD601CCBBADF2F7 /* Debug-Free */ = {
			isa = XCBuildConfiguration;
			buildSettings = {
				ALWAYS_SEARCH_USER_PATHS = NO;
				ASSETCATALOG_COMPILER_GENERATE_SWIFT_ASSET_SYMBOL_EXTENSIONS = YES;
				CLANG_ANALYZER_NONNULL = YES;
				CLANG_ANALYZER_NUMBER_OBJECT_CONVERSION = YES_AGGRESSIVE;
				CLANG_CXX_LANGUAGE_STANDARD = "gnu++20";
				CLANG_ENABLE_MODULES = YES;
				CLANG_ENABLE_OBJC_ARC = YES;
				CLANG_ENABLE_OBJC_WEAK = YES;
				CLANG_WARN_BLOCK_CAPTURE_AUTORELEASING = YES;
				CLANG_WARN_BOOL_CONVERSION = YES;
				CLANG_WARN_COMMA = YES;
				CLANG_WARN_CONSTANT_CONVERSION = YES;
				CLANG_WARN_DEPRECATED_OBJC_IMPLEMENTATIONS = YES;
				CLANG_WARN_DIRECT_OBJC_ISA_USAGE = YES_ERROR;
				CLANG_WARN_DOCUMENTATION_COMMENTS = YES;
				CLANG_WARN_EMPTY_BODY = YES;
				CLANG_WARN_ENUM_CONVERSION = YES;
				CLANG_WARN_INFINITE_RECURSION = YES;
				CLANG_WARN_INT_CONVERSION = YES;
				CLANG_WARN_NON_LITERAL_NULL_CONVERSION = YES;
				CLANG_WARN_OBJC_IMPLICIT_RETAIN_SELF = YES;
				CLANG_WARN_OBJC_LITERAL_CONVERSION = YES;
				CLANG_WARN_OBJC_ROOT_CLASS = YES_ERROR;
				CLANG_WARN_QUOTED_INCLUDE_IN_FRAMEWORK_HEADER = YES;
				CLANG_WARN_RANGE_LOOP_ANALYSIS = YES;
				CLANG_WARN_STRICT_PROTOTYPES = YES;
				CLANG_WARN_SUSPICIOUS_MOVE = YES;
				CLANG_WARN_UNGUARDED_AVAILABILITY = YES_AGGRESSIVE;
				CLANG_WARN_UNREACHABLE_CODE = YES;
				CLANG_WARN__DUPLICATE_METHOD_MATCH = YES;
				COPY_PHASE_STRIP = NO;
				DEBUG_INFORMATION_FORMAT = dwarf;
				ENABLE_STRICT_OBJC_MSGSEND = YES;
				ENABLE_TESTABILITY = YES;
				ENABLE_USER_SCRIPT_SANDBOXING = YES;
				GCC_C_LANGUAGE_STANDARD = gnu17;
				GCC_DYNAMIC_NO_PIC = NO;
				GCC_NO_COMMON_BLOCKS = YES;
				GCC_OPTIMIZATION_LEVEL = 0;
				GCC_PREPROCESSOR_DEFINITIONS = (
					"DEBUG=1",
					"$(inherited)",
				);
				GCC_WARN_64_TO_32_BIT_CONVERSION = YES;
				GCC_WARN_ABOUT_RETURN_TYPE = YES_ERROR;
				GCC_WARN_UNDECLARED_SELECTOR = YES;
				GCC_WARN_UNINITIALIZED_AUTOS = YES_AGGRESSIVE;
				GCC_WARN_UNUSED_FUNCTION = YES;
				GCC_WARN_UNUSED_VARIABLE = YES;
				IPHONEOS_DEPLOYMENT_TARGET = 18.2;
				LOCALIZATION_PREFERS_STRING_CATALOGS = YES;
				MTL_ENABLE_DEBUG_INFO = INCLUDE_SOURCE;
				MTL_FAST_MATH = YES;
				ONLY_ACTIVE_ARCH = YES;
				SDKROOT = iphoneos;
			};
			name = "Debug-Free";
		};
		AA1313732E2F903600B03938 /* Release */ = {
			isa = XCBuildConfiguration;
			buildSettings = {
				ALWAYS_SEARCH_USER_PATHS = NO;
				ASSETCATALOG_COMPILER_GENERATE_SWIFT_ASSET_SYMBOL_EXTENSIONS = YES;
				CLANG_ANALYZER_NONNULL = YES;
				CLANG_ANALYZER_NUMBER_OBJECT_CONVERSION = YES_AGGRESSIVE;
				CLANG_CXX_LANGUAGE_STANDARD = "gnu++20";
				CLANG_ENABLE_MODULES = YES;
				CLANG_ENABLE_OBJC_ARC = YES;
				CLANG_ENABLE_OBJC_WEAK = YES;
				CLANG_WARN_BLOCK_CAPTURE_AUTORELEASING = YES;
				CLANG_WARN_BOOL_CONVERSION = YES;
				CLANG_WARN_COMMA = YES;
				CLANG_WARN_CONSTANT_CONVERSION = YES;
				CLANG_WARN_DEPRECATED_OBJC_IMPLEMENTATIONS = YES;
				CLANG_WARN_DIRECT_OBJC_ISA_USAGE = YES_ERROR;
				CLANG_WARN_DOCUMENTATION_COMMENTS = YES;
				CLANG_WARN_EMPTY_BODY = YES;
				CLANG_WARN_ENUM_CONVERSION = YES;
				CLANG_WARN_INFINITE_RECURSION = YES;
				CLANG_WARN_INT_CONVERSION = YES;
				CLANG_WARN_NON_LITERAL_NULL_CONVERSION = YES;
				CLANG_WARN_OBJC_IMPLICIT_RETAIN_SELF = YES;
				CLANG_WARN_OBJC_LITERAL_CONVERSION = YES;
				CLANG_WARN_OBJC_ROOT_CLASS = YES_ERROR;
				CLANG_WARN_QUOTED_INCLUDE_IN_FRAMEWORK_HEADER = YES;
				CLANG_WARN_RANGE_LOOP_ANALYSIS = YES;
				CLANG_WARN_STRICT_PROTOTYPES = YES;
				CLANG_WARN_SUSPICIOUS_MOVE = YES;
				CLANG_WARN_UNGUARDED_AVAILABILITY = YES_AGGRESSIVE;
				CLANG_WARN_UNREACHABLE_CODE = YES;
				CLANG_WARN__DUPLICATE_METHOD_MATCH = YES;
				COPY_PHASE_STRIP = NO;
				DEBUG_INFORMATION_FORMAT = "dwarf-with-dsym";
				ENABLE_NS_ASSERTIONS = NO;
				ENABLE_STRICT_OBJC_MSGSEND = YES;
				ENABLE_USER_SCRIPT_SANDBOXING = YES;
				GCC_C_LANGUAGE_STANDARD = gnu17;
				GCC_NO_COMMON_BLOCKS = YES;
				GCC_WARN_64_TO_32_BIT_CONVERSION = YES;
				GCC_WARN_ABOUT_RETURN_TYPE = YES_ERROR;
				GCC_WARN_UNDECLARED_SELECTOR = YES;
				GCC_WARN_UNINITIALIZED_AUTOS = YES_AGGRESSIVE;
				GCC_WARN_UNUSED_FUNCTION = YES;
				GCC_WARN_UNUSED_VARIABLE = YES;
				IPHONEOS_DEPLOYMENT_TARGET = 18.2;
				LOCALIZATION_PREFERS_STRING_CATALOGS = YES;
				MTL_ENABLE_DEBUG_INFO = NO;
				MTL_FAST_MATH = YES;
				SDKROOT = iphoneos;
				VALIDATE_PRODUCT = YES;
			};
			name = Release;
		};
		CB20000A2F00000100CB0001 /* Debug */ = {
			isa = XCBuildConfiguration;
			buildSettings = {
				INFOPLIST_FILE = CyanBridgeKMPHost/Info.plist;
				ENABLE_USER_SCRIPT_SANDBOXING = NO;
				CODE_SIGN_ENTITLEMENTS = CyanBridgeKMPHost/CyanBridgeKMPHost.entitlements;
				CODE_SIGN_STYLE = Automatic;
				CURRENT_PROJECT_VERSION = 1;
				DEFINES_MODULE = YES;
				FRAMEWORK_SEARCH_PATHS = (
					"$(inherited)",
					"$(SRCROOT)/../android/CyanBridge/shared/build/xcode-frameworks/$(CONFIGURATION)/$(SDK_NAME)",
				);
				GENERATE_INFOPLIST_FILE = YES;
				INFOPLIST_KEY_NSBluetoothAlwaysUsageDescription = "CyanBridge uses Bluetooth to find and communicate with your glasses.";
				INFOPLIST_KEY_NSLocalNetworkUsageDescription = "CyanBridge connects to your glasses over their local Wi-Fi transfer network.";
				INFOPLIST_KEY_NSLocationWhenInUseUsageDescription = "Location access lets CyanBridge verify the glasses Wi-Fi connection.";
				IPHONEOS_DEPLOYMENT_TARGET = 15.0;
				LD_RUNPATH_SEARCH_PATHS = (
					"$(inherited)",
					"@executable_path/Frameworks",
				);
				MARKETING_VERSION = 1.0.0;
				OTHER_LDFLAGS = (
					"$(inherited)",
					"-ObjC",
					"-framework",
					CyanBridgeShared,
					"-framework",
					CoreBluetooth,
					"-framework",
					NetworkExtension,
				);
				PRODUCT_BUNDLE_IDENTIFIER = com.fersaiyan.CyanBridgeKMPHost;
				PRODUCT_NAME = "$(TARGET_NAME)";
				SWIFT_VERSION = 5.0;
				TARGETED_DEVICE_FAMILY = "1,2";
			};
			name = Debug;
		};
		FEBB0CCCF6F803D9CC8078E3 /* Debug-Free */ = {
			isa = XCBuildConfiguration;
			buildSettings = {
				INFOPLIST_FILE = CyanBridgeKMPHost/Info.plist;
				ENABLE_USER_SCRIPT_SANDBOXING = NO;
				KOTLIN_FRAMEWORK_BUILD_TYPE = debug;
				CODE_SIGN_STYLE = Automatic;
				DEVELOPMENT_TEAM = KLQJU6QJ96;
				CURRENT_PROJECT_VERSION = 1;
				DEFINES_MODULE = YES;
				FRAMEWORK_SEARCH_PATHS = (
					"$(inherited)",
					"$(SRCROOT)/../android/CyanBridge/shared/build/xcode-frameworks/$(CONFIGURATION)/$(SDK_NAME)",
				);
				GENERATE_INFOPLIST_FILE = YES;
				INFOPLIST_KEY_NSBluetoothAlwaysUsageDescription = "CyanBridge uses Bluetooth to find and communicate with your glasses.";
				INFOPLIST_KEY_NSLocalNetworkUsageDescription = "CyanBridge connects to your glasses over their local Wi-Fi transfer network.";
				INFOPLIST_KEY_NSLocationWhenInUseUsageDescription = "Location access lets CyanBridge verify the glasses Wi-Fi connection.";
				IPHONEOS_DEPLOYMENT_TARGET = 15.0;
				LD_RUNPATH_SEARCH_PATHS = (
					"$(inherited)",
					"@executable_path/Frameworks",
				);
				MARKETING_VERSION = 1.0.0;
				OTHER_LDFLAGS = (
					"$(inherited)",
					"-ObjC",
					"-framework",
					CyanBridgeShared,
					"-framework",
					CoreBluetooth,
					"-framework",
					NetworkExtension,
				);
				PRODUCT_BUNDLE_IDENTIFIER = com.murilosampaio.cyanbridge.kmp.free;
				PRODUCT_NAME = "$(TARGET_NAME)";
				SWIFT_VERSION = 5.0;
				TARGETED_DEVICE_FAMILY = "1,2";
			};
			name = "Debug-Free";
		};
		CB20000B2F00000100CB0001 /* Release */ = {
			isa = XCBuildConfiguration;
			buildSettings = {
				INFOPLIST_FILE = CyanBridgeKMPHost/Info.plist;
				ENABLE_USER_SCRIPT_SANDBOXING = NO;
				CODE_SIGN_ENTITLEMENTS = CyanBridgeKMPHost/CyanBridgeKMPHost.entitlements;
				CODE_SIGN_STYLE = Automatic;
				CURRENT_PROJECT_VERSION = 1;
				DEFINES_MODULE = YES;
				FRAMEWORK_SEARCH_PATHS = (
					"$(inherited)",
					"$(SRCROOT)/../android/CyanBridge/shared/build/xcode-frameworks/$(CONFIGURATION)/$(SDK_NAME)",
				);
				GENERATE_INFOPLIST_FILE = YES;
				INFOPLIST_KEY_NSBluetoothAlwaysUsageDescription = "CyanBridge uses Bluetooth to find and communicate with your glasses.";
				INFOPLIST_KEY_NSLocalNetworkUsageDescription = "CyanBridge connects to your glasses over their local Wi-Fi transfer network.";
				INFOPLIST_KEY_NSLocationWhenInUseUsageDescription = "Location access lets CyanBridge verify the glasses Wi-Fi connection.";
				IPHONEOS_DEPLOYMENT_TARGET = 15.0;
				LD_RUNPATH_SEARCH_PATHS = (
					"$(inherited)",
					"@executable_path/Frameworks",
				);
				MARKETING_VERSION = 1.0.0;
				OTHER_LDFLAGS = (
					"$(inherited)",
					"-ObjC",
					"-framework",
					CyanBridgeShared,
					"-framework",
					CoreBluetooth,
					"-framework",
					NetworkExtension,
				);
				PRODUCT_BUNDLE_IDENTIFIER = com.fersaiyan.CyanBridgeKMPHost;
				PRODUCT_NAME = "$(TARGET_NAME)";
				SWIFT_VERSION = 5.0;
				TARGETED_DEVICE_FAMILY = "1,2";
			};
			name = Release;
		};
		CT30000A2F00000100CT0001 /* Debug */ = {
			isa = XCBuildConfiguration;
			buildSettings = {
				CODE_SIGN_STYLE = Automatic;
				CURRENT_PROJECT_VERSION = 1;
				FRAMEWORK_SEARCH_PATHS = (
					"$(inherited)",
					"$(SRCROOT)/../android/CyanBridge/shared/build/xcode-frameworks/$(CONFIGURATION)/$(SDK_NAME)",
				);
				GENERATE_INFOPLIST_FILE = YES;
				IPHONEOS_DEPLOYMENT_TARGET = 15.0;
				LD_RUNPATH_SEARCH_PATHS = (
					"$(inherited)",
					"@executable_path/Frameworks",
				);
				MARKETING_VERSION = 1.0.0;
				OTHER_LDFLAGS = (
					"$(inherited)",
					"-ObjC",
					"-framework",
					CyanBridgeShared,
				);
				PRODUCT_BUNDLE_IDENTIFIER = com.fersaiyan.CyanBridgeKMPHostTests;
				PRODUCT_NAME = "$(TARGET_NAME)";
				SWIFT_VERSION = 5.0;
				TARGETED_DEVICE_FAMILY = "1,2";
				TEST_HOST = "$(BUILT_PRODUCTS_DIR)/CyanBridgeKMPHost.app/CyanBridgeKMPHost";
			};
			name = Debug;
		};
		FEDBC9E9BDA97E0327B244CF /* Debug-Free */ = {
			isa = XCBuildConfiguration;
			buildSettings = {
				KOTLIN_FRAMEWORK_BUILD_TYPE = debug;
				CODE_SIGN_STYLE = Automatic;
				CURRENT_PROJECT_VERSION = 1;
				FRAMEWORK_SEARCH_PATHS = (
					"$(inherited)",
					"$(SRCROOT)/../android/CyanBridge/shared/build/xcode-frameworks/$(CONFIGURATION)/$(SDK_NAME)",
				);
				GENERATE_INFOPLIST_FILE = YES;
				IPHONEOS_DEPLOYMENT_TARGET = 15.0;
				LD_RUNPATH_SEARCH_PATHS = (
					"$(inherited)",
					"@executable_path/Frameworks",
				);
				MARKETING_VERSION = 1.0.0;
				OTHER_LDFLAGS = (
					"$(inherited)",
					"-ObjC",
					"-framework",
					CyanBridgeShared,
				);
				PRODUCT_BUNDLE_IDENTIFIER = com.fersaiyan.CyanBridgeKMPHostTests;
				PRODUCT_NAME = "$(TARGET_NAME)";
				SWIFT_VERSION = 5.0;
				TARGETED_DEVICE_FAMILY = "1,2";
				TEST_HOST = "$(BUILT_PRODUCTS_DIR)/CyanBridgeKMPHost.app/CyanBridgeKMPHost";
			};
			name = "Debug-Free";
		};
		CT30000B2F00000100CT0001 /* Release */ = {
			isa = XCBuildConfiguration;
			buildSettings = {
				CODE_SIGN_STYLE = Automatic;
				CURRENT_PROJECT_VERSION = 1;
				FRAMEWORK_SEARCH_PATHS = (
					"$(inherited)",
					"$(SRCROOT)/../android/CyanBridge/shared/build/xcode-frameworks/$(CONFIGURATION)/$(SDK_NAME)",
				);
				GENERATE_INFOPLIST_FILE = YES;
				IPHONEOS_DEPLOYMENT_TARGET = 15.0;
				LD_RUNPATH_SEARCH_PATHS = (
					"$(inherited)",
					"@executable_path/Frameworks",
				);
				MARKETING_VERSION = 1.0.0;
				OTHER_LDFLAGS = (
					"$(inherited)",
					"-ObjC",
					"-framework",
					CyanBridgeShared,
				);
				PRODUCT_BUNDLE_IDENTIFIER = com.fersaiyan.CyanBridgeKMPHostTests;
				PRODUCT_NAME = "$(TARGET_NAME)";
				SWIFT_VERSION = 5.0;
				TARGETED_DEVICE_FAMILY = "1,2";
				TEST_HOST = "$(BUILT_PRODUCTS_DIR)/CyanBridgeKMPHost.app/CyanBridgeKMPHost";
			};
			name = Release;
		};
/* End XCBuildConfiguration section */

/* Begin XCConfigurationList section */
		AA1313522E2F903500B03938 /* Build configuration list for PBXProject "QCSDKDemo" */ = {
			isa = XCConfigurationList;
			buildConfigurations = (
				AA1313722E2F903600B03938 /* Debug */,
				FE966EB23BD601CCBBADF2F7 /* Debug-Free */,
				AA1313732E2F903600B03938 /* Release */,
			);
			defaultConfigurationIsVisible = 0;
			defaultConfigurationName = Release;
		};
		AA13136F2E2F903600B03938 /* Build configuration list for PBXNativeTarget "QCSDKDemo" */ = {
			isa = XCConfigurationList;
			buildConfigurations = (
				AA1313702E2F903600B03938 /* Debug */,
				FE4D407DD5C9024334F0D100 /* Debug-Free */,
				AA1313712E2F903600B03938 /* Release */,
			);
			defaultConfigurationIsVisible = 0;
			defaultConfigurationName = Release;
		};
		CB20000C2F00000100CB0001 /* Build configuration list for PBXNativeTarget "CyanBridgeKMPHost" */ = {
			isa = XCConfigurationList;
			buildConfigurations = (
				CB20000A2F00000100CB0001 /* Debug */,
				FEBB0CCCF6F803D9CC8078E3 /* Debug-Free */,
				CB20000B2F00000100CB0001 /* Release */,
			);
			defaultConfigurationIsVisible = 0;
			defaultConfigurationName = Release;
		};
		CT30000C2F00000100CT0001 /* Build configuration list for PBXNativeTarget "CyanBridgeKMPHostTests" */ = {
			isa = XCConfigurationList;
			buildConfigurations = (
				CT30000A2F00000100CT0001 /* Debug */,
				FEDBC9E9BDA97E0327B244CF /* Debug-Free */,
				CT30000B2F00000100CT0001 /* Release */,
			);
			defaultConfigurationIsVisible = 0;
			defaultConfigurationName = Release;
		};
/* End XCConfigurationList section */
	};
	rootObject = AA13134F2E2F903500B03938 /* Project object */;
}
